user/user-wait:
  id: 6327:116751
  name: user/user-wait
  hash: EW2wE4OWo9
user/user-verified:
  id: 6327:116776
  name: user/user-verified
  hash: 9LYIOHFUwA
user/user-transfer:
  id: 6327:116736
  name: user/user-transfer
  hash: 5tVfOiNXrO
user/user-square:
  id: 6327:116756
  name: user/user-square
  hash: b9qbheU85D
user/user-settings:
  id: 6327:116766
  name: user/user-settings
  hash: daTreCIMkS
user/user-plus:
  id: 6327:116721
  name: user/user-plus
  hash: p5TFO4im2D
user/user-multiple:
  id: 6326:116696
  name: user/user-multiple
  hash: xfv4s3zO3t
user/user-multiple-edit:
  id: 6327:116771
  name: user/user-multiple-edit
  hash: 6or9nfWk7k
user/user-minus:
  id: 6327:116726
  name: user/user-minus
  hash: n1nDT3cHCv
user/user-logs:
  id: 6327:116746
  name: user/user-logs
  hash: j4lPgTr8pO
user/user-groups:
  id: 6326:116701
  name: user/user-groups
  hash: EbId5nihGe
user/user-find:
  id: 6326:116706
  name: user/user-find
  hash: 3e72Zvq30d
user/user-exclamation:
  id: 6327:116731
  name: user/user-exclamation
  hash: 4kix51aQvQ
user/user-event:
  id: 6327:116761
  name: user/user-event
  hash: euVlwhkDmw
user/user-cross:
  id: 6327:116716
  name: user/user-cross
  hash: NVJSABhWpY
user/user-circle:
  id: 6327:116741
  name: user/user-circle
  hash: hCjvRheFOS
user/user-checkmark:
  id: 6326:116711
  name: user/user-checkmark
  hash: Txwn6komew
user/user-biometric:
  id: 6327:116791
  name: user/user-biometric
  hash: f4CDyAwqct
user/system-administrator:
  id: 6327:116781
  name: user/system-administrator
  hash: 3VXxHIW0NL
user/profile:
  id: 6325:116691
  name: user/profile
  hash: 7js8RqOyRx
user/group-contact:
  id: 6327:116796
  name: user/group-contact
  hash: wwa6lMPj9E
user/employee-tree:
  id: 6327:116786
  name: user/employee-tree
  hash: Hm6GavUHTx
user/collaboration:
  id: 6327:116801
  name: user/collaboration
  hash: iMTNHhtQXR
toggle/view:
  id: 6325:116391
  name: toggle/view
  hash: 4DfiE89A9K
toggle/view-off:
  id: 6325:116396
  name: toggle/view-off
  hash: y96VANrruf
toggle/unlock:
  id: 6325:116406
  name: toggle/unlock
  hash: HCoVWJcBcp
toggle/two-grid-view:
  id: 6325:116421
  name: toggle/two-grid-view
  hash: Ke1TzdesdR
toggle/sun:
  id: 6325:116376
  name: toggle/sun
  hash: 2KeMi8ojI2
toggle/star-favorite:
  id: 6325:116365
  name: toggle/star-favorite
  hash: GpvsfrIW6v
toggle/one-grid-view:
  id: 6325:116446
  name: toggle/one-grid-view
  hash: Y9RabsB8yz
toggle/notification:
  id: 6325:116381
  name: toggle/notification
  hash: KFFRWAvOrR
toggle/notification-off:
  id: 6325:116386
  name: toggle/notification-off
  hash: ZKeJPewfac
toggle/moon:
  id: 6325:116360
  name: toggle/moon
  hash: h1ueXfc6Rx
toggle/love-favorite:
  id: 6325:116370
  name: toggle/love-favorite
  hash: NFmSmCfDWK
toggle/lock:
  id: 6325:116401
  name: toggle/lock
  hash: 3IFCp27Ng2
toggle/list-view:
  id: 6325:116441
  name: toggle/list-view
  hash: 1tThglKiKZ
toggle/grid-view:
  id: 6325:116426
  name: toggle/grid-view
  hash: 3NHNXuVUoE
toggle/flash-on:
  id: 6325:116436
  name: toggle/flash-on
  hash: PIRiZtEXvC
toggle/flash-off:
  id: 6325:116431
  name: toggle/flash-off
  hash: VW3LUG8MlN
toggle/call:
  id: 6325:116411
  name: toggle/call
  hash: 54bcC9zY9R
toggle/call-off:
  id: 6325:116416
  name: toggle/call-off
  hash: 3fyCZPVMwE
technology/translates:
  id: 6327:116901
  name: technology/translates
  hash: 6E7nqL19Dc
technology/smartphone:
  id: 6327:117116
  name: technology/smartphone
  hash: QVJwqBIAPl
technology/scan:
  id: 6328:117186
  name: technology/scan
  hash: BdbNxJ5nV7
technology/rocket:
  id: 6327:117096
  name: technology/rocket
  hash: GLs8ZLToGn
technology/qr-code-scan:
  id: 6327:116951
  name: technology/qr-code-scan
  hash: ck7ATMnN63
technology/qr-code:
  id: 6327:116946
  name: technology/qr-code
  hash: yQSfzFS5Cd
technology/otp-requested:
  id: 6327:117136
  name: technology/otp-requested
  hash: KZCibbrBXW
technology/ocr-scan:
  id: 6327:117111
  name: technology/ocr-scan
  hash: SOr9ruXmre
technology/multiple-window:
  id: 6327:117141
  name: technology/multiple-window
  hash: 9nzf4QE7i7
technology/location:
  id: 6327:117126
  name: technology/location
  hash: mjNCClb2lj
technology/internet:
  id: 6327:117021
  name: technology/internet
  hash: RCXb6nH7qJ
technology/fingerprint-scan:
  id: 6328:117176
  name: technology/fingerprint-scan
  hash: D23nCYrwr7
technology/file-network:
  id: 6327:117121
  name: technology/file-network
  hash: 9YV6rBmuD0
technology/faq:
  id: 6328:117151
  name: technology/faq
  hash: YLOiVWW1yf
technology/face-recognition-scan:
  id: 6328:117181
  name: technology/face-recognition-scan
  hash: VkoQvbX45M
technology/dashboard:
  id: 6328:117216
  name: technology/dashboard
  hash: BM4yZO4wK5
technology/computer:
  id: 6327:117091
  name: technology/computer
  hash: ccDDyxgJle
technology/code:
  id: 6327:117051
  name: technology/code
  hash: OfFvCsGZqp
technology/cloud:
  id: 6325:116526
  name: technology/cloud
  hash: nTDgQPJOaY
technology/camera:
  id: 6325:116325
  name: technology/camera
  hash: 5bxpXWJIfb
technology/blog:
  id: 6327:117056
  name: technology/blog
  hash: mw0e7sOE8t
technology/apps:
  id: 6328:117231
  name: technology/apps
  hash: 7WuB55lPyn
technology/api:
  id: 6327:117076
  name: technology/api
  hash: 3PbHapHIXk
status/question-circle-filled:
  id: 6325:116621
  name: status/question-circle-filled
  hash: WVCbPdJ54H
status/question-circle:
  id: 6325:116616
  name: status/question-circle
  hash: 5SG3RvLB4C
status/information-circle-filled:
  id: 6325:116631
  name: status/information-circle-filled
  hash: s6oAzB53RE
status/information-circle:
  id: 6325:116626
  name: status/information-circle
  hash: rE1mRwzgvp
status/exclamation-triangle-filled:
  id: 6325:116651
  name: status/exclamation-triangle-filled
  hash: l909KAm0pa
status/exclamation-triangle:
  id: 6325:116646
  name: status/exclamation-triangle
  hash: oS9TlhGJXe
status/exclamation-circle-filled:
  id: 6325:116641
  name: status/exclamation-circle-filled
  hash: Dtd6MLriD4
status/exclamation-circle:
  id: 6325:116636
  name: status/exclamation-circle
  hash: 2dv4phUr3r
status/cross-circle:
  id: 6325:116686
  name: status/cross-circle
  hash: jgjO7TGZxg
status/cross-circle-filled:
  id: 6325:116681
  name: status/cross-circle-filled
  hash: DHX7iUZ0IF
status/checkmark-verified-filled:
  id: 6325:116661
  name: status/checkmark-verified-filled
  hash: V4eeewflEI
status/checkmark-verified:
  id: 6325:116656
  name: status/checkmark-verified
  hash: PxO0hNy0pe
status/checkmark-double:
  id: 6325:116601
  name: status/checkmark-double
  hash: 6MmFCEDhy4
status/checkmark-circle-filled:
  id: 6325:116611
  name: status/checkmark-circle-filled
  hash: l6BTaSnDKE
status/checkmark-circle:
  id: 6325:116606
  name: status/checkmark-circle
  hash: lAXeCbDrz1
status/checkmark:
  id: 6325:116596
  name: status/checkmark
  hash: 1hpZfs3JP4
status/banned-filled:
  id: 6325:116671
  name: status/banned-filled
  hash: KXfXZxjyqd
status/banned-circle:
  id: 6325:116666
  name: status/banned-circle
  hash: 0VXD2AjZk2
other/time:
  id: 6327:116886
  name: other/time
  hash: KsX11p0tEp
other/template:
  id: 6327:117026
  name: other/template
  hash: SSVVOYKoPP
other/stopwatch:
  id: 6327:116891
  name: other/stopwatch
  hash: 72VYOcSAiT
other/shield:
  id: 6491:98459
  name: other/shield
  hash: 8gNzNE2fDT
other/shield-on:
  id: 6327:116956
  name: other/shield-on
  hash: dwJfBOGEG6
other/shield-off:
  id: 6327:116961
  name: other/shield-off
  hash: MQAhh4FQns
other/sad-face:
  id: 6327:116981
  name: other/sad-face
  hash: JXqXAc6llf
other/repair:
  id: 6328:117206
  name: other/repair
  hash: WCjWT4xQy3
other/puzzle:
  id: 6327:117106
  name: other/puzzle
  hash: dVzSn0QyT3
other/package-box:
  id: 6328:117156
  name: other/package-box
  hash: 3NXXT3t6gd
other/onsite:
  id: 6327:117101
  name: other/onsite
  hash: QBCjseXTXh
other/megaphone:
  id: 6327:117011
  name: other/megaphone
  hash: buhQiEviP1
other/medal:
  id: 6327:117086
  name: other/medal
  hash: aWThf9kv9x
other/map:
  id: 6327:117131
  name: other/map
  hash: HwaM6H1p1f
other/layer:
  id: 6327:117006
  name: other/layer
  hash: 3uX2Ectyzr
other/lamp:
  id: 6327:116926
  name: other/lamp
  hash: PNjiqrQVpY
other/ktp:
  id: 6327:117041
  name: other/ktp
  hash: uhh8cKUVEp
other/key:
  id: 6328:117201
  name: other/key
  hash: 7EIynMaoA1
other/happy-face:
  id: 6327:116976
  name: other/happy-face
  hash: aTzGIv0YEZ
other/fingerprint:
  id: 6327:117081
  name: other/fingerprint
  hash: RnM0Mc9FPb
other/envelope:
  id: 6327:117036
  name: other/envelope
  hash: 8O1iAS6HYp
other/education:
  id: 6327:117016
  name: other/education
  hash: 2X0hlzodqB
other/calculator-check:
  id: 6328:117211
  name: other/calculator-check
  hash: TJFhIa99Tx
other/archive-box:
  id: 6327:116966
  name: other/archive-box
  hash: N3BFFMQJFe
other/address:
  id: 6328:117166
  name: other/address
  hash: Nl4EJD1Xq2
operation/trash:
  id: 6325:116125
  name: operation/trash
  hash: jQX60fkPm5
operation/tag:
  id: 6325:116195
  name: operation/tag
  hash: ywCEGGci64
operation/tag-all:
  id: 6325:116185
  name: operation/tag-all
  hash: kbNMz5mAvY
operation/sign-out:
  id: 6325:116130
  name: operation/sign-out
  hash: K43g9kx4TV
operation/sign-in:
  id: 6325:116135
  name: operation/sign-in
  hash: Bq6XXWrbRv
operation/settings:
  id: 6325:116220
  name: operation/settings
  hash: 489ACDfuJn
operation/send:
  id: 6325:116150
  name: operation/send
  hash: Rmz3Gmg7zQ
operation/search:
  id: 6325:116115
  name: operation/search
  hash: ZDLD4Zz3Vo
operation/restart:
  id: 6325:116165
  name: operation/restart
  hash: 4ntzOkY19p
operation/reset:
  id: 6325:116155
  name: operation/reset
  hash: v9JVZm2fUI
operation/reply:
  id: 6325:116175
  name: operation/reply
  hash: tvADq4feNT
operation/refresh:
  id: 6325:116160
  name: operation/refresh
  hash: EzSGxUKl0j
operation/privy-balance:
  id: 6325:116200
  name: operation/privy-balance
  hash: SKOJyVnL06
operation/minimize:
  id: 6325:116225
  name: operation/minimize
  hash: Dl4EYbH5eG
operation/maximize:
  id: 6325:116230
  name: operation/maximize
  hash: gmwbak0IZ1
operation/inbox:
  id: 6325:116120
  name: operation/inbox
  hash: kXDzrMWve8
operation/home:
  id: 6325:116110
  name: operation/home
  hash: 77vVoWmb83
operation/history:
  id: 6325:116190
  name: operation/history
  hash: AnnK5G50Ri
operation/forwards:
  id: 6325:116180
  name: operation/forwards
  hash: Ostg2MYrTr
operation/expand:
  id: 6325:116140
  name: operation/expand
  hash: lz3QOVrHzw
operation/chevron-sort:
  id: 6325:116170
  name: operation/chevron-sort
  hash: G2CRaB53mi
operation/caret-sort:
  id: 6325:116100
  name: operation/caret-sort
  hash: ALhXgavj1U
operation/calendar-history:
  id: 6325:116210
  name: operation/calendar-history
  hash: lD3bLwpjev
operation/calendar:
  id: 6325:116215
  name: operation/calendar
  hash: fiFhvFDhKJ
operation/bookmark:
  id: 6325:116145
  name: operation/bookmark
  hash: x5anz5lpry
operation/adjust:
  id: 6325:116205
  name: operation/adjust
  hash: RTqVxU4zru
navigation/zoom-out:
  id: 6325:116085
  name: navigation/zoom-out
  hash: UoPBeGOf5M
navigation/zoom-in:
  id: 6325:116080
  name: navigation/zoom-in
  hash: Wh4ALITxOe
navigation/plus-circle:
  id: 6325:116070
  name: navigation/plus-circle
  hash: xPmreGOFA9
navigation/plus:
  id: 6325:116060
  name: navigation/plus
  hash: F4AM0szvQB
navigation/minus-circle:
  id: 6325:116075
  name: navigation/minus-circle
  hash: y556zv9PFK
navigation/minus:
  id: 6325:116065
  name: navigation/minus
  hash: YOiqeW2O5R
navigation/menu-vertical:
  id: 6325:116095
  name: navigation/menu-vertical
  hash: 0V9JsQooTH
navigation/menu-horizontal:
  id: 6325:116090
  name: navigation/menu-horizontal
  hash: uxV3s5gCNt
navigation/cross:
  id: 6325:116105
  name: navigation/cross
  hash: YyBWgZk39i
navigation/chevrons-up:
  id: 6325:116005
  name: navigation/chevrons-up
  hash: qlJm6T37NM
navigation/chevrons-right:
  id: 6325:116000
  name: navigation/chevrons-right
  hash: 9k7OSgqQsV
navigation/chevrons-left:
  id: 6325:116010
  name: navigation/chevrons-left
  hash: EUL9g85ID7
navigation/chevrons-down:
  id: 6325:116015
  name: navigation/chevrons-down
  hash: xoOAOWD9Ez
navigation/chevron-up:
  id: 6325:116025
  name: navigation/chevron-up
  hash: 0tYsZ8Jddl
navigation/chevron-right:
  id: 6325:116020
  name: navigation/chevron-right
  hash: b1KpquDxcF
navigation/chevron-left:
  id: 6325:116035
  name: navigation/chevron-left
  hash: TnJitU5A2A
navigation/chevron-down:
  id: 6325:116030
  name: navigation/chevron-down
  hash: TY2X1g1FK9
navigation/chevron-circle-up:
  id: 6325:115985
  name: navigation/chevron-circle-up
  hash: ZEdfuEXcVz
navigation/chevron-circle-right:
  id: 6325:115980
  name: navigation/chevron-circle-right
  hash: wxucPuwfhS
navigation/chevron-circle-left:
  id: 6325:115990
  name: navigation/chevron-circle-left
  hash: 6CnILuiZN9
navigation/chevron-circle-down:
  id: 6325:115995
  name: navigation/chevron-circle-down
  hash: lwOF9y2ymh
navigation/caret-up:
  id: 6325:116045
  name: navigation/caret-up
  hash: BzmmXmo91C
navigation/caret-right:
  id: 6325:116040
  name: navigation/caret-right
  hash: D8ZtcwLbOU
navigation/caret-left:
  id: 6325:116055
  name: navigation/caret-left
  hash: Fb6aWm62Lz
navigation/caret-down:
  id: 6325:116050
  name: navigation/caret-down
  hash: c0x7UQuula
navigation/arrow-up:
  id: 6323:115945
  name: navigation/arrow-up
  hash: HJoh9ojyBx
navigation/arrow-right:
  id: 6323:115940
  name: navigation/arrow-right
  hash: JQqx5KAvvx
navigation/arrow-left:
  id: 6323:115950
  name: navigation/arrow-left
  hash: CyXSb92Psn
navigation/arrow-down:
  id: 6323:115955
  name: navigation/arrow-down
  hash: atCPt3KIG8
navigation/arrow-circle-up:
  id: 6325:115965
  name: navigation/arrow-circle-up
  hash: kxLjbfgx7N
navigation/arrow-circle-right:
  id: 6325:115960
  name: navigation/arrow-circle-right
  hash: Rv02MyQfTA
navigation/arrow-circle-left:
  id: 6325:115970
  name: navigation/arrow-circle-left
  hash: b5sanOocc4
navigation/arrow-circle-down:
  id: 6325:115975
  name: navigation/arrow-circle-down
  hash: ulJcnfzIpY
life-style/wallet:
  id: 6327:116971
  name: life-style/wallet
  hash: jqdyJSTxpp
life-style/ticket:
  id: 6327:116881
  name: life-style/ticket
  hash: yAhAcbxsEh
life-style/spoon-and-fork:
  id: 6327:116936
  name: life-style/spoon-and-fork
  hash: EPhO7D5gid
life-style/shopping-bag:
  id: 6328:117171
  name: life-style/shopping-bag
  hash: 5rCKryblD2
life-style/shop:
  id: 6327:116941
  name: life-style/shop
  hash: HjqBTZhLgO
life-style/receipt-history:
  id: 6327:116921
  name: life-style/receipt-history
  hash: Mxe1gmlAiL
life-style/receipt:
  id: 6327:116916
  name: life-style/receipt
  hash: nkjsTCbUZF
life-style/gift:
  id: 6328:117226
  name: life-style/gift
  hash: XHsiuGdB2x
life-style/gala-dinner:
  id: 6327:117146
  name: life-style/gala-dinner
  hash: 5loP8HxWKe
life-style/flight-departure:
  id: 6327:116906
  name: life-style/flight-departure
  hash: WfSck2VbXP
life-style/flight-arrival:
  id: 6327:116911
  name: life-style/flight-arrival
  hash: H7AB8NFA7T
life-style/diamond:
  id: 6325:116536
  name: life-style/diamond
  hash: nhzv68TWYd
life-style/credit-card:
  id: 6327:116996
  name: life-style/credit-card
  hash: 59isHYZooi
life-style/cart:
  id: 6327:116986
  name: life-style/cart
  hash: gtQKQJXnz5
life-style/bus:
  id: 6327:117066
  name: life-style/bus
  hash: a5ZNEyjsJM
life-style/building:
  id: 6327:117001
  name: life-style/building
  hash: oPJXvDMkkl
health/stetoscop:
  id: 6327:117071
  name: health/stetoscop
  hash: kVssSKCrNm
health/people-insurance:
  id: 6327:116896
  name: health/people-insurance
  hash: 1KkAW6snN7
health/medicines:
  id: 6327:116991
  name: health/medicines
  hash: lQvIqogcXO
health/hospital:
  id: 6327:117061
  name: health/hospital
  hash: iVCiQxK6i5
health/health-facility:
  id: 6328:117221
  name: health/health-facility
  hash: bnnh8qbx2A
health/cross:
  id: 6327:117031
  name: health/cross
  hash: 5BhG80qQK7
health/blood-drop:
  id: 6328:117161
  name: health/blood-drop
  hash: w4NrYFIXGY
formatting/unlink:
  id: 6325:116275
  name: formatting/unlink
  hash: IEbsVgaqe0
formatting/signature-text:
  id: 6325:116310
  name: formatting/signature-text
  hash: zBoB9Vs9cf
formatting/signature-manage:
  id: 6325:116260
  name: formatting/signature-manage
  hash: 3fdMuwDZl5
formatting/signature-draw:
  id: 6325:116270
  name: formatting/signature-draw
  hash: oLdXwnzTLI
formatting/signature:
  id: 6325:116265
  name: formatting/signature
  hash: EkcXS5rJUT
formatting/rotate-right:
  id: 6325:116285
  name: formatting/rotate-right
  hash: ehckXoTVm0
formatting/rotate-left:
  id: 6325:116290
  name: formatting/rotate-left
  hash: jZpVksGsoe
formatting/print:
  id: 6325:116305
  name: formatting/print
  hash: 1omXYW4GW1
formatting/pallete:
  id: 6325:116335
  name: formatting/pallete
  hash: lLn9lttHIR
formatting/no-image:
  id: 6325:116300
  name: formatting/no-image
  hash: YhPKgtd5yj
formatting/link:
  id: 6325:116280
  name: formatting/link
  hash: rcxdR9IyCF
formatting/image:
  id: 6325:116295
  name: formatting/image
  hash: pvicfUxkkQ
formatting/edit-square:
  id: 6325:116240
  name: formatting/edit-square
  hash: Elic3fOffw
formatting/edit:
  id: 6325:116235
  name: formatting/edit
  hash: nVTi1FtDy3
formatting/crop:
  id: 6325:116330
  name: formatting/crop
  hash: yIpk1eQbJq
formatting/clipboard-check:
  id: 6325:116255
  name: formatting/clipboard-check
  hash: xRp0fqzrQY
formatting/clipboard:
  id: 6325:116250
  name: formatting/clipboard
  hash: GE56nWcKHQ
formatting/clip:
  id: 6325:116245
  name: formatting/clip
  hash: FljSOHmUEP
formatting/brush:
  id: 6325:116320
  name: formatting/brush
  hash: WHBC7zv2jJ
files/note:
  id: 6325:116511
  name: files/note
  hash: RuMs95G9Z1
files/folder:
  id: 6327:116876
  name: files/folder
  hash: jiYzvlVC6r
files/document-verified:
  id: 6325:116546
  name: files/document-verified
  hash: ormEqmbPhT
files/document-signed:
  id: 6325:116551
  name: files/document-signed
  hash: SG1wtfPYKV
files/document-search:
  id: 6325:116566
  name: files/document-search
  hash: zRAMneaAL1
files/document-seal:
  id: 6325:116561
  name: files/document-seal
  hash: 3pjjcu1Mmh
files/document-review:
  id: 6325:116571
  name: files/document-review
  hash: WPc3S3uH1P
files/document-question:
  id: 6325:116471
  name: files/document-question
  hash: em3FYq0HU7
files/document-protected:
  id: 6325:116556
  name: files/document-protected
  hash: ciYvCYi5nc
files/document-information:
  id: 6325:116476
  name: files/document-information
  hash: K1V4qtSI6i
files/document-import:
  id: 6325:116496
  name: files/document-import
  hash: 3NHGuKETKe
files/document-history:
  id: 6325:116486
  name: files/document-history
  hash: IvtwrSFQOo
files/document-filled:
  id: 6325:116466
  name: files/document-filled
  hash: WRgdGWnbjp
files/document-export:
  id: 6325:116491
  name: files/document-export
  hash: 3MaChKeluz
files/document-exclamation:
  id: 6325:116481
  name: files/document-exclamation
  hash: mXlke3JH95
files/document-empty:
  id: 6325:116461
  name: files/document-empty
  hash: P1aJ4rgEF7
files/document-draft:
  id: 6325:116541
  name: files/document-draft
  hash: JzMo7dqLw0
files/document-copy:
  id: 6325:116506
  name: files/document-copy
  hash: Kuh9xtZrkD
files/document-check:
  id: 6325:116501
  name: files/document-check
  hash: VJCBo2mRjw
data/report-statistics:
  id: 6327:116841
  name: data/report-statistics
  hash: fcYlxIY4qX
data/pie-graph:
  id: 6327:116821
  name: data/pie-graph
  hash: Xcbi0en82r
data/line-graph:
  id: 6327:116811
  name: data/line-graph
  hash: tql6QEGvIZ
data/database:
  id: 6327:116836
  name: data/database
  hash: YgffLsoxdQ
data/data-structure:
  id: 6327:116826
  name: data/data-structure
  hash: xr5fHNEDbG
data/data-branch:
  id: 6327:116831
  name: data/data-branch
  hash: mDQ61APDJT
data/bar-graph:
  id: 6327:116816
  name: data/bar-graph
  hash: MDpJII8N5v
data/activity:
  id: 6327:116806
  name: data/activity
  hash: dD7XhPhMYc
communication/message:
  id: 6328:117196
  name: communication/message
  hash: RaeVOlQU5l
communication/email-user:
  id: 6327:116866
  name: communication/email-user
  hash: 5f98UgAGsE
communication/email-upload:
  id: 6327:116856
  name: communication/email-upload
  hash: 9ggFgkSPBN
communication/email-signature:
  id: 6327:116871
  name: communication/email-signature
  hash: Mnhj8QW9u5
communication/email-invitation:
  id: 6327:116851
  name: communication/email-invitation
  hash: qgwiuc9pBY
communication/email-download:
  id: 6327:116861
  name: communication/email-download
  hash: RcwG8ZQNI7
communication/email:
  id: 6327:116846
  name: communication/email
  hash: inZW12IX4w
communication/customer-service:
  id: 6328:117191
  name: communication/customer-service
  hash: IszJSueTsd
communication/chat:
  id: 6327:116931
  name: communication/chat
  hash: cO2z4xIPhx
actions/upload:
  id: 6325:116456
  name: actions/upload
  hash: fKDnXNSx2I
actions/share:
  id: 6327:117046
  name: actions/share
  hash: ZaqEmpDRrv
actions/download:
  id: 6325:116451
  name: actions/download
  hash: ZPIPllieyC
actions/cloud-upload:
  id: 6325:116521
  name: actions/cloud-upload
  hash: AkuFt9Azsm
actions/cloud-download:
  id: 6325:116516
  name: actions/cloud-download
  hash: H7AxhpAiel
actions/broom:
  id: 6325:116315
  name: actions/broom
  hash: 8qir6iw8sH
